
Microsoft Visual Studio Solution File, Format Version 12.00
# Visual Studio 15
VisualStudioVersion = 15.0.28307.902
MinimumVisualStudioVersion = 10.0.40219.1
Project("{FAE04EC0-301F-11D3-BF4B-00C04F79EFBC}") = "PatientAPI", "PatientAPI\PatientAPI.csproj", "{32B8C1E3-5C6D-4E31-A8C9-4ED26C0E14FF}"
EndProject
Global
	GlobalSection(SolutionConfigurationPlatforms) = preSolution
		Debug|Any CPU = Debug|Any CPU
		Release|Any CPU = Release|Any CPU
	EndGlobalSection
	GlobalSection(ProjectConfigurationPlatforms) = postSolution
		{32B8C1E3-5C6D-4E31-A8C9-4ED26C0E14FF}.Debug|Any CPU.ActiveCfg = Debug|Any CPU
		{32B8C1E3-5C6D-4E31-A8C9-4ED26C0E14FF}.Debug|Any CPU.Build.0 = Debug|Any CPU
		{32B8C1E3-5C6D-4E31-A8C9-4ED26C0E14FF}.Release|Any CPU.ActiveCfg = Release|Any CPU
		{32B8C1E3-5C6D-4E31-A8C9-4ED26C0E14FF}.Release|Any CPU.Build.0 = Release|Any CPU
	EndGlobalSection
	GlobalSection(SolutionProperties) = preSolution
		HideSolutionNode = FALSE
	EndGlobalSection
	GlobalSection(ExtensibilityGlobals) = postSolution
		SolutionGuid = {65A4E934-851C-4FA3-A6B1-6C4D11EA25D0}
	EndGlobalSection
EndGlobal
